// !$*UTF8*$!
{
	archiveVersion = 1;
	classes = {
	};
	objectVersion = 46;
	objects = {

/* Begin PBXBuildFile section */
		4708277F1E5B4C58003D9522 /* main.m in Sources */ = {isa = PBXBuildFile; fileRef = 4708277E1E5B4C58003D9522 /* main.m */; };
		470827821E5B4C58003D9522 /* AppDelegate.m in Sources */ = {isa = PBXBuildFile; fileRef = 470827811E5B4C58003D9522 /* AppDelegate.m */; };
		470827851E5B4C58003D9522 /* ViewController.m in Sources */ = {isa = PBXBuildFile; fileRef = 470827841E5B4C58003D9522 /* ViewController.m */; };
		470827881E5B4C58003D9522 /* Main.storyboard in Resources */ = {isa = PBXBuildFile; fileRef = 470827861E5B4C58003D9522 /* Main.storyboard */; };
		4708278A1E5B4C58003D9522 /* Assets.xcassets in Resources */ = {isa = PBXBuildFile; fileRef = 470827891E5B4C58003D9522 /* Assets.xcassets */; };
		4708278D1E5B4C58003D9522 /* LaunchScreen.storyboard in Resources */ = {isa = PBXBuildFile; fileRef = 4708278B1E5B4C58003D9522 /* LaunchScreen.storyboard */; };
		470827981E5B4C58003D9522 /* AYTimeStampDemoTests.m in Sources */ = {isa = PBXBuildFile; fileRef = 470827971E5B4C58003D9522 /* AYTimeStampDemoTests.m */; };
		470827A31E5B4C58003D9522 /* AYTimeStampDemoUITests.m in Sources */ = {isa = PBXBuildFile; fileRef = 470827A21E5B4C58003D9522 /* AYTimeStampDemoUITests.m */; };
/* End PBXBuildFile section */

/* Begin PBXContainerItemProxy section */
		470827941E5B4C58003D9522 /* PBXContainerItemProxy */ = {
			isa = PBXContainerItemProxy;
			containerPortal = 470827721E5B4C58003D9522 /* Project object */;
			proxyType = 1;
			remoteGlobalIDString = 470827791E5B4C58003D9522;
			remoteInfo = AYTimeStampDemo;
		};
		4708279F1E5B4C58003D9522 /* PBXContainerItemProxy */ = {
			isa = PBXContainerItemProxy;
			containerPortal = 470827721E5B4C58003D9522 /* Project object */;
			proxyType = 1;
			remoteGlobalIDString = 470827791E5B4C58003D9522;
			remoteInfo = AYTimeStampDemo;
		};
/* End PBXContainerItemProxy section */

/* Begin PBXFileReference section */
		4708277A1E5B4C58003D9522 /* AYTimeStampDemo.app */ = {isa = PBXFileReference; explicitFileType = wrapper.application; includeInIndex = 0; path = AYTimeStampDemo.app; sourceTree = BUILT_PRODUCTS_DIR; };
		4708277E1E5B4C58003D9522 /* main.m */ = {isa = PBXFileReference; lastKnownFileType = sourcecode.c.objc; path = main.m; sourceTree = "<group>"; };
		470827801E5B4C58003D9522 /* AppDelegate.h */ = {isa = PBXFileReference; lastKnownFileType = sourcecode.c.h; path = AppDelegate.h; sourceTree = "<group>"; };
		470827811E5B4C58003D9522 /* AppDelegate.m */ = {isa = PBXFileReference; lastKnownFileType = sourcecode.c.objc; path = AppDelegate.m; sourceTree = "<group>"; };
		470827831E5B4C58003D9522 /* ViewController.h */ = {isa = PBXFileReference; lastKnownFileType = sourcecode.c.h; path = ViewController.h; sourceTree = "<group>"; };
		470827841E5B4C58003D9522 /* ViewController.m */ = {isa = PBXFileReference; lastKnownFileType = sourcecode.c.objc; path = ViewController.m; sourceTree = "<group>"; };
		470827871E5B4C58003D9522 /* Base */ = {isa = PBXFileReference; lastKnownFileType = file.storyboard; name = Base; path = Base.lproj/Main.storyboard; sourceTree = "<group>"; };
		470827891E5B4C58003D9522 /* Assets.xcassets */ = {isa = PBXFileReference; lastKnownFileType = folder.assetcatalog; path = Assets.xcassets; sourceTree = "<group>"; };
		4708278C1E5B4C58003D9522 /* Base */ = {isa = PBXFileReference; lastKnownFileType = file.storyboard; name = Base; path = Base.lproj/LaunchScreen.storyboard; sourceTree = "<group>"; };
		4708278E1E5B4C58003D9522 /* Info.plist */ = {isa = PBXFileReference; lastKnownFileType = text.plist.xml; path = Info.plist; sourceTree = "<group>"; };
		470827931E5B4C58003D9522 /* AYTimeStampDemoTests.xctest */ = {isa = PBXFileReference; explicitFileType = wrapper.cfbundle; includeInIndex = 0; path = AYTimeStampDemoTests.xctest; sourceTree = BUILT_PRODUCTS_DIR; };
		470827971E5B4C58003D9522 /* AYTimeStampDemoTests.m */ = {isa = PBXFileReference; lastKnownFileType = sourcecode.c.objc; path = AYTimeStampDemoTests.m; sourceTree = "<group>"; };
		470827991E5B4C58003D9522 /* Info.plist */ = {isa = PBXFileReference; lastKnownFileType = text.plist.xml; path = Info.plist; sourceTree = "<group>"; };
		4708279E1E5B4C58003D9522 /* AYTimeStampDemoUITests.xctest */ = {isa = PBXFileReference; explicitFileType = wrapper.cfbundle; includeInIndex = 0; path = AYTimeStampDemoUITests.xctest; sourceTree = BUILT_PRODUCTS_DIR; };
		470827A21E5B4C58003D9522 /* AYTimeStampDemoUITests.m */ = {isa = PBXFileReference; lastKnownFileType = sourcecode.c.objc; path = AYTimeStampDemoUITests.m; sourceTree = "<group>"; };
		470827A41E5B4C58003D9522 /* Info.plist */ = {isa = PBXFileReference; lastKnownFileType = text.plist.xml; path = Info.plist; sourceTree = "<group>"; };
/* End PBXFileReference section */

/* Begin PBXFrameworksBuildPhase section */
		470827771E5B4C58003D9522 /* Frameworks */ = {
			isa = PBXFrameworksBuildPhase;
			buildActionMask = 2147483647;
			files = (
			);
			runOnlyForDeploymentPostprocessing = 0;
		};
		470827901E5B4C58003D9522 /* Frameworks */ = {
			isa = PBXFrameworksBuildPhase;
			buildActionMask = 2147483647;
			files = (
			);
			runOnlyForDeploymentPostprocessing = 0;
		};
		4708279B1E5B4C58003D9522 /* Frameworks */ = {
			isa = PBXFrameworksBuildPhase;
			buildActionMask = 2147483647;
			files = (
			);
			runOnlyForDeploymentPostprocessing = 0;
		};
/* End PBXFrameworksBuildPhase section */

/* Begin PBXGroup section */
		470827711E5B4C58003D9522 = {
			isa = PBXGroup;
			children = (
				4708277C1E5B4C58003D9522 /* AYTimeStampDemo */,
				470827961E5B4C58003D9522 /* AYTimeStampDemoTests */,
				470827A11E5B4C58003D9522 /* AYTimeStampDemoUITests */,
				4708277B1E5B4C58003D9522 /* Products */,
			);
			sourceTree = "<group>";
		};
		4708277B1E5B4C58003D9522 /* Products */ = {
			isa = PBXGroup;
			children = (
				4708277A1E5B4C58003D9522 /* AYTimeStampDemo.app */,
				470827931E5B4C58003D9522 /* AYTimeStampDemoTests.xctest */,
				4708279E1E5B4C58003D9522 /* AYTimeStampDemoUITests.xctest */,
			);
			name = Products;
			sourceTree = "<group>";
		};
		4708277C1E5B4C58003D9522 /* AYTimeStampDemo */ = {
			isa = PBXGroup;
			children = (
				470827801E5B4C58003D9522 /* AppDelegate.h */,
				470827811E5B4C58003D9522 /* AppDelegate.m */,
				470827831E5B4C58003D9522 /* ViewController.h */,
				470827841E5B4C58003D9522 /* ViewController.m */,
				470827861E5B4C58003D9522 /* Main.storyboard */,
				470827891E5B4C58003D9522 /* Assets.xcassets */,
				4708278B1E5B4C58003D9522 /* LaunchScreen.storyboard */,
				4708278E1E5B4C58003D9522 /* Info.plist */,
				4708277D1E5B4C58003D9522 /* Supporting Files */,
			);
			path = AYTimeStampDemo;
			sourceTree = "<group>";
		};
		4708277D1E5B4C58003D9522 /* Supporting Files */ = {
			isa = PBXGroup;
			children = (
				4708277E1E5B4C58003D9522 /* main.m */,
			);
			name = "Supporting Files";
			sourceTree = "<group>";
		};
		470827961E5B4C58003D9522 /* AYTimeStampDemoTests */ = {
			isa = PBXGroup;
			children = (
				470827971E5B4C58003D9522 /* AYTimeStampDemoTests.m */,
				470827991E5B4C58003D9522 /* Info.plist */,
			);
			path = AYTimeStampDemoTests;
			sourceTree = "<group>";
		};
		470827A11E5B4C58003D9522 /* AYTimeStampDemoUITests */ = {
			isa = PBXGroup;
			children = (
				470827A21E5B4C58003D9522 /* AYTimeStampDemoUITests.m */,
				470827A41E5B4C58003D9522 /* Info.plist */,
			);
			path = AYTimeStampDemoUITests;
			sourceTree = "<group>";
		};
/* End PBXGroup section */

/* Begin PBXNativeTarget section */
		470827791E5B4C58003D9522 /* AYTimeStampDemo */ = {
			isa = PBXNativeTarget;
			buildConfigurationList = 470827A71E5B4C58003D9522 /* Build configuration list for PBXNativeTarget "AYTimeStampDemo" */;
			buildPhases = (
				470827761E5B4C58003D9522 /* Sources */,
				470827771E5B4C58003D9522 /* Frameworks */,
				470827781E5B4C58003D9522 /* Resources */,
			);
			buildRules = (
			);
			dependencies = (
			);
			name = AYTimeStampDemo;
			productName = AYTimeStampDemo;
			productReference = 4708277A1E5B4C58003D9522 /* AYTimeStampDemo.app */;
			productType = "com.apple.product-type.application";
		};
		470827921E5B4C58003D9522 /* AYTimeStampDemoTests */ = {
			isa = PBXNativeTarget;
			buildConfigurationList = 470827AA1E5B4C58003D9522 /* Build configuration list for PBXNativeTarget "AYTimeStampDemoTests" */;
			buildPhases = (
				4708278F1E5B4C58003D9522 /* Sources */,
				470827901E5B4C58003D9522 /* Frameworks */,
				470827911E5B4C58003D9522 /* Resources */,
			);
			buildRules = (
			);
			dependencies = (
				470827951E5B4C58003D9522 /* PBXTargetDependency */,
			);
			name = AYTimeStampDemoTests;
			productName = AYTimeStampDemoTests;
			productReference = 470827931E5B4C58003D9522 /* AYTimeStampDemoTests.xctest */;
			productType = "com.apple.product-type.bundle.unit-test";
		};
		4708279D1E5B4C58003D9522 /* AYTimeStampDemoUITests */ = {
			isa = PBXNativeTarget;
			buildConfigurationList = 470827AD1E5B4C58003D9522 /* Build configuration list for PBXNativeTarget "AYTimeStampDemoUITests" */;
			buildPhases = (
				4708279A1E5B4C58003D9522 /* Sources */,
				4708279B1E5B4C58003D9522 /* Frameworks */,
				4708279C1E5B4C58003D9522 /* Resources */,
			);
			buildRules = (
			);
			dependencies = (
				470827A01E5B4C58003D9522 /* PBXTargetDependency */,
			);
			name = AYTimeStampDemoUITests;
			productName = AYTimeStampDemoUITests;
			productReference = 4708279E1E5B4C58003D9522 /* AYTimeStampDemoUITests.xctest */;
			productType = "com.apple.product-type.bundle.ui-testing";
		};
/* End PBXNativeTarget section */

/* Begin PBXProject section */
		470827721E5B4C58003D9522 /* Project object */ = {
			isa = PBXProject;
			attributes = {
				LastUpgradeCheck = 0810;
				ORGANIZATIONNAME = "国立安";
				TargetAttributes = {
					470827791E5B4C58003D9522 = {
						CreatedOnToolsVersion = 8.1;
						ProvisioningStyle = Automatic;
					};
					470827921E5B4C58003D9522 = {
						CreatedOnToolsVersion = 8.1;
						ProvisioningStyle = Automatic;
						TestTargetID = 470827791E5B4C58003D9522;
					};
					4708279D1E5B4C58003D9522 = {
						CreatedOnToolsVersion = 8.1;
						ProvisioningStyle = Automatic;
						TestTargetID = 470827791E5B4C58003D9522;
					};
				};
			};
			buildConfigurationList = 470827751E5B4C58003D9522 /* Build configuration list for PBXProject "AYTimeStampDemo" */;
			compatibilityVersion = "Xcode 3.2";
			developmentRegion = English;
			hasScannedForEncodings = 0;
			knownRegions = (
				en,
				Base,
			);
			mainGroup = 470827711E5B4C58003D9522;
			productRefGroup = 4708277B1E5B4C58003D9522 /* Products */;
			projectDirPath = "";
			projectRoot = "";
			targets = (
				470827791E5B4C58003D9522 /* AYTimeStampDemo */,
				470827921E5B4C58003D9522 /* AYTimeStampDemoTests */,
				4708279D1E5B4C58003D9522 /* AYTimeStampDemoUITests */,
			);
		};
/* End PBXProject section */

/* Begin PBXResourcesBuildPhase section */
		470827781E5B4C58003D9522 /* Resources */ = {
			isa = PBXResourcesBuildPhase;
			buildActionMask = 2147483647;
			files = (
				4708278D1E5B4C58003D9522 /* LaunchScreen.storyboard in Resources */,
				4708278A1E5B4C58003D9522 /* Assets.xcassets in Resources */,
				470827881E5B4C58003D9522 /* Main.storyboard in Resources */,
			);
			runOnlyForDeploymentPostprocessing = 0;
		};
		470827911E5B4C58003D9522 /* Resources */ = {
			isa = PBXResourcesBuildPhase;
			buildActionMask = 2147483647;
			files = (
			);
			runOnlyForDeploymentPostprocessing = 0;
		};
		4708279C1E5B4C58003D9522 /* Resources */ = {
			isa = PBXResourcesBuildPhase;
			buildActionMask = 2147483647;
			files = (
			);
			runOnlyForDeploymentPostprocessing = 0;
		};
/* End PBXResourcesBuildPhase section */

/* Begin PBXSourcesBuildPhase section */
		470827761E5B4C58003D9522 /* Sources */ = {
			isa = PBXSourcesBuildPhase;
			buildActionMask = 2147483647;
			files = (
				470827851E5B4C58003D9522 /* ViewController.m in Sources */,
				470827821E5B4C58003D9522 /* AppDelegate.m in Sources */,
				4708277F1E5B4C58003D9522 /* main.m in Sources */,
			);
			runOnlyForDeploymentPostprocessing = 0;
		};
		4708278F1E5B4C58003D9522 /* Sources */ = {
			isa = PBXSourcesBuildPhase;
			buildActionMask = 2147483647;
			files = (
				470827981E5B4C58003D9522 /* AYTimeStampDemoTests.m in Sources */,
			);
			runOnlyForDeploymentPostprocessing = 0;
		};
		4708279A1E5B4C58003D9522 /* Sources */ = {
			isa = PBXSourcesBuildPhase;
			buildActionMask = 2147483647;
			files = (
				470827A31E5B4C58003D9522 /* AYTimeStampDemoUITests.m in Sources */,
			);
			runOnlyForDeploymentPostprocessing = 0;
		};
/* End PBXSourcesBuildPhase section */

/* Begin PBXTargetDependency section */
		470827951E5B4C58003D9522 /* PBXTargetDependency */ = {
			isa = PBXTargetDependency;
			target = 470827791E5B4C58003D9522 /* AYTimeStampDemo */;
			targetProxy = 470827941E5B4C58003D9522 /* PBXContainerItemProxy */;
		};
		470827A01E5B4C58003D9522 /* PBXTargetDependency */ = {
			isa = PBXTargetDependency;
			target = 470827791E5B4C58003D9522 /* AYTimeStampDemo */;
			targetProxy = 4708279F1E5B4C58003D9522 /* PBXContainerItemProxy */;
		};
/* End PBXTargetDependency section */

/* Begin PBXVariantGroup section */
		470827861E5B4C58003D9522 /* Main.storyboard */ = {
			isa = PBXVariantGroup;
			children = (
				470827871E5B4C58003D9522 /* Base */,
			);
			name = Main.storyboard;
			sourceTree = "<group>";
		};
		4708278B1E5B4C58003D9522 /* LaunchScreen.storyboard */ = {
			isa = PBXVariantGroup;
			children = (
				4708278C1E5B4C58003D9522 /* Base */,
			);
			name = LaunchScreen.storyboard;
			sourceTree = "<group>";
		};
/* End PBXVariantGroup section */

/* Begin XCBuildConfiguration section */
		470827A51E5B4C58003D9522 /* Debug */ = {
			isa = XCBuildConfiguration;
			buildSettings = {
				ALWAYS_SEARCH_USER_PATHS = NO;
				CLANG_ANALYZER_NONNULL = YES;
				CLANG_CXX_LANGUAGE_STANDARD = "gnu++0x";
				CLANG_CXX_LIBRARY = "libc++";
				CLANG_ENABLE_MODULES = YES;
				CLANG_ENABLE_OBJC_ARC = YES;
				CLANG_WARN_BOOL_CONVERSION = YES;
				CLANG_WARN_CONSTANT_CONVERSION = YES;
				CLANG_WARN_DIRECT_OBJC_ISA_USAGE = YES_ERROR;
				CLANG_WARN_DOCUMENTATION_COMMENTS = YES;
				CLANG_WARN_EMPTY_BODY = YES;
				CLANG_WARN_ENUM_CONVERSION = YES;
				CLANG_WARN_INFINITE_RECURSION = YES;
				CLANG_WARN_INT_CONVERSION = YES;
				CLANG_WARN_OBJC_ROOT_CLASS = YES_ERROR;
				CLANG_WARN_SUSPICIOUS_MOVES = YES;
				CLANG_WARN_UNREACHABLE_CODE = YES;
				CLANG_WARN__DUPLICATE_METHOD_MATCH = YES;
				"CODE_SIGN_IDENTITY[sdk=iphoneos*]" = "iPhone Developer";
				COPY_PHASE_STRIP = NO;
				DEBUG_INFORMATION_FORMAT = dwarf;
				ENABLE_STRICT_OBJC_MSGSEND = YES;
				ENABLE_TESTABILITY = YES;
				GCC_C_LANGUAGE_STANDARD = gnu99;
				GCC_DYNAMIC_NO_PIC = NO;
				GCC_NO_COMMON_BLOCKS = YES;
				GCC_OPTIMIZATION_LEVEL = 0;
				GCC_PREPROCESSOR_DEFINITIONS = (
					"DEBUG=1",
					"$(inherited)",
				);
				GCC_WARN_64_TO_32_BIT_CONVERSION = YES;
				GCC_WARN_ABOUT_RETURN_TYPE = YES_ERROR;
				GCC_WARN_UNDECLARED_SELECTOR = YES;
				GCC_WARN_UNINITIALIZED_AUTOS = YES_AGGRESSIVE;
				GCC_WARN_UNUSED_FUNCTION = YES;
				GCC_WARN_UNUSED_VARIABLE = YES;
				IPHONEOS_DEPLOYMENT_TARGET = 10.1;
				MTL_ENABLE_DEBUG_INFO = YES;
				ONLY_ACTIVE_ARCH = YES;
				SDKROOT = iphoneos;
			};
			name = Debug;
		};
		470827A61E5B4C58003D9522 /* Release */ = {
			isa = XCBuildConfiguration;
			buildSettings = {
				ALWAYS_SEARCH_USER_PATHS = NO;
				CLANG_ANALYZER_NONNULL = YES;
				CLANG_CXX_LANGUAGE_STANDARD = "gnu++0x";
				CLANG_CXX_LIBRARY = "libc++";
				CLANG_ENABLE_MODULES = YES;
				CLANG_ENABLE_OBJC_ARC = YES;
				CLANG_WARN_BOOL_CONVERSION = YES;
				CLANG_WARN_CONSTANT_CONVERSION = YES;
				CLANG_WARN_DIRECT_OBJC_ISA_USAGE = YES_ERROR;
				CLANG_WARN_DOCUMENTATION_COMMENTS = YES;
				CLANG_WARN_EMPTY_BODY = YES;
				CLANG_WARN_ENUM_CONVERSION = YES;
				CLANG_WARN_INFINITE_RECURSION = YES;
				CLANG_WARN_INT_CONVERSION = YES;
				CLANG_WARN_OBJC_ROOT_CLASS = YES_ERROR;
				CLANG_WARN_SUSPICIOUS_MOVES = YES;
				CLANG_WARN_UNREACHABLE_CODE = YES;
				CLANG_WARN__DUPLICATE_METHOD_MATCH = YES;
				"CODE_SIGN_IDENTITY[sdk=iphoneos*]" = "iPhone Developer";
				COPY_PHASE_STRIP = NO;
				DEBUG_INFORMATION_FORMAT = "dwarf-with-dsym";
				ENABLE_NS_ASSERTIONS = NO;
				ENABLE_STRICT_OBJC_MSGSEND = YES;
				GCC_C_LANGUAGE_STANDARD = gnu99;
				GCC_NO_COMMON_BLOCKS = YES;
				GCC_WARN_64_TO_32_BIT_CONVERSION = YES;
				GCC_WARN_ABOUT_RETURN_TYPE = YES_ERROR;
				GCC_WARN_UNDECLARED_SELECTOR = YES;
				GCC_WARN_UNINITIALIZED_AUTOS = YES_AGGRESSIVE;
				GCC_WARN_UNUSED_FUNCTION = YES;
				GCC_WARN_UNUSED_VARIABLE = YES;
				IPHONEOS_DEPLOYMENT_TARGET = 10.1;
				MTL_ENABLE_DEBUG_INFO = NO;
				SDKROOT = iphoneos;
				VALIDATE_PRODUCT = YES;
			};
			name = Release;
		};
		470827A81E5B4C58003D9522 /* Debug */ = {
			isa = XCBuildConfiguration;
			buildSettings = {
				ASSETCATALOG_COMPILER_APPICON_NAME = AppIcon;
				INFOPLIST_FILE = AYTimeStampDemo/Info.plist;
				LD_RUNPATH_SEARCH_PATHS = "$(inherited) @executable_path/Frameworks";
				PRODUCT_BUNDLE_IDENTIFIER = com.anguoli.AYTimeStampDemo;
				PRODUCT_NAME = "$(TARGET_NAME)";
			};
			name = Debug;
		};
		470827A91E5B4C58003D9522 /* Release */ = {
			isa = XCBuildConfiguration;
			buildSettings = {
				ASSETCATALOG_COMPILER_APPICON_NAME = AppIcon;
				INFOPLIST_FILE = AYTimeStampDemo/Info.plist;
				LD_RUNPATH_SEARCH_PATHS = "$(inherited) @executable_path/Frameworks";
				PRODUCT_BUNDLE_IDENTIFIER = com.anguoli.AYTimeStampDemo;
				PRODUCT_NAME = "$(TARGET_NAME)";
			};
			name = Release;
		};
		470827AB1E5B4C58003D9522 /* Debug */ = {
			isa = XCBuildConfiguration;
			buildSettings = {
				BUNDLE_LOADER = "$(TEST_HOST)";
				INFOPLIST_FILE = AYTimeStampDemoTests/Info.plist;
				LD_RUNPATH_SEARCH_PATHS = "$(inherited) @executable_path/Frameworks @loader_path/Frameworks";
				PRODUCT_BUNDLE_IDENTIFIER = com.anguoli.AYTimeStampDemoTests;
				PRODUCT_NAME = "$(TARGET_NAME)";
				TEST_HOST = "$(BUILT_PRODUCTS_DIR)/AYTimeStampDemo.app/AYTimeStampDemo";
			};
			name = Debug;
		};
		470827AC1E5B4C58003D9522 /* Release */ = {
			isa = XCBuildConfiguration;
			buildSettings = {
				BUNDLE_LOADER = "$(TEST_HOST)";
				INFOPLIST_FILE = AYTimeStampDemoTests/Info.plist;
				LD_RUNPATH_SEARCH_PATHS = "$(inherited) @executable_path/Frameworks @loader_path/Frameworks";
				PRODUCT_BUNDLE_IDENTIFIER = com.anguoli.AYTimeStampDemoTests;
				PRODUCT_NAME = "$(TARGET_NAME)";
				TEST_HOST = "$(BUILT_PRODUCTS_DIR)/AYTimeStampDemo.app/AYTimeStampDemo";
			};
			name = Release;
		};
		470827AE1E5B4C58003D9522 /* Debug */ = {
			isa = XCBuildConfiguration;
			buildSettings = {
				INFOPLIST_FILE = AYTimeStampDemoUITests/Info.plist;
				LD_RUNPATH_SEARCH_PATHS = "$(inherited) @executable_path/Frameworks @loader_path/Frameworks";
				PRODUCT_BUNDLE_IDENTIFIER = com.anguoli.AYTimeStampDemoUITests;
				PRODUCT_NAME = "$(TARGET_NAME)";
				TEST_TARGET_NAME = AYTimeStampDemo;
			};
			name = Debug;
		};
		470827AF1E5B4C58003D9522 /* Release */ = {
			isa = XCBuildConfiguration;
			buildSettings = {
				INFOPLIST_FILE = AYTimeStampDemoUITests/Info.plist;
				LD_RUNPATH_SEARCH_PATHS = "$(inherited) @executable_path/Frameworks @loader_path/Frameworks";
				PRODUCT_BUNDLE_IDENTIFIER = com.anguoli.AYTimeStampDemoUITests;
				PRODUCT_NAME = "$(TARGET_NAME)";
				TEST_TARGET_NAME = AYTimeStampDemo;
			};
			name = Release;
		};
/* End XCBuildConfiguration section */

/* Begin XCConfigurationList section */
		470827751E5B4C58003D9522 /* Build configuration list for PBXProject "AYTimeStampDemo" */ = {
			isa = XCConfigurationList;
			buildConfigurations = (
				470827A51E5B4C58003D9522 /* Debug */,
				470827A61E5B4C58003D9522 /* Release */,
			);
			defaultConfigurationIsVisible = 0;
			defaultConfigurationName = Release;
		};
		470827A71E5B4C58003D9522 /* Build configuration list for PBXNativeTarget "AYTimeStampDemo" */ = {
			isa = XCConfigurationList;
			buildConfigurations = (
				470827A81E5B4C58003D9522 /* Debug */,
				470827A91E5B4C58003D9522 /* Release */,
			);
			defaultConfigurationIsVisible = 0;
		};
		470827AA1E5B4C58003D9522 /* Build configuration list for PBXNativeTarget "AYTimeStampDemoTests" */ = {
			isa = XCConfigurationList;
			buildConfigurations = (
				470827AB1E5B4C58003D9522 /* Debug */,
				470827AC1E5B4C58003D9522 /* Release */,
			);
			defaultConfigurationIsVisible = 0;
		};
		470827AD1E5B4C58003D9522 /* Build configuration list for PBXNativeTarget "AYTimeStampDemoUITests" */ = {
			isa = XCConfigurationList;
			buildConfigurations = (
				470827AE1E5B4C58003D9522 /* Debug */,
				470827AF1E5B4C58003D9522 /* Release */,
			);
			defaultConfigurationIsVisible = 0;
		};
/* End XCConfigurationList section */
	};
	rootObject = 470827721E5B4C58003D9522 /* Project object */;
}
